
Microsoft Visual Studio Solution File, Format Version 12.00
# Visual Studio Version 17
VisualStudioVersion = 17.0.31903.59
MinimumVisualStudioVersion = 10.0.40219.1
Project("{2150E333-8FDC-42A3-9474-1A3956D46DE8}") = "src", "src", "{827E0CD3-B72D-47B6-A68D-7590B98EB39B}"
EndProject
Project("{FAE04EC0-301F-11D3-BF4B-00C04F79EFBC}") = "BPG.Api", "src\BPG.Api\BPG.Api.csproj", "{B3877200-54E4-472B-A29F-790DFB3E9209}"
EndProject
Project("{FAE04EC0-301F-11D3-BF4B-00C04F79EFBC}") = "BPG.Application", "src\BPG.Application\BPG.Application.csproj", "{2216116F-C62E-404C-900E-9267C3BCFA20}"
EndProject
Project("{FAE04EC0-301F-11D3-BF4B-00C04F79EFBC}") = "BPG.Domain", "src\BPG.Domain\BPG.Domain.csproj", "{4326B920-AAD5-4869-955B-E7D0EE69818F}"
EndProject
Project("{FAE04EC0-301F-11D3-BF4B-00C04F79EFBC}") = "BPG.Infrastructure", "src\BPG.Infrastructure\BPG.Infrastructure.csproj", "{08A68143-290D-43E4-91AD-D1D02B3AA8DD}"
EndProject
Global
	GlobalSection(SolutionConfigurationPlatforms) = preSolution
		Debug|Any CPU = Debug|Any CPU
		Debug|x64 = Debug|x64
		Debug|x86 = Debug|x86
		Release|Any CPU = Release|Any CPU
		Release|x64 = Release|x64
		Release|x86 = Release|x86
	EndGlobalSection
	GlobalSection(ProjectConfigurationPlatforms) = postSolution
		{B3877200-54E4-472B-A29F-790DFB3E9209}.Debug|Any CPU.ActiveCfg = Debug|Any CPU
		{B3877200-54E4-472B-A29F-790DFB3E9209}.Debug|Any CPU.Build.0 = Debug|Any CPU
		{B3877200-54E4-472B-A29F-790DFB3E9209}.Debug|x64.ActiveCfg = Debug|Any CPU
		{B3877200-54E4-472B-A29F-790DFB3E9209}.Debug|x64.Build.0 = Debug|Any CPU
		{B3877200-54E4-472B-A29F-790DFB3E9209}.Debug|x86.ActiveCfg = Debug|Any CPU
		{B3877200-54E4-472B-A29F-790DFB3E9209}.Debug|x86.Build.0 = Debug|Any CPU
		{B3877200-54E4-472B-A29F-790DFB3E9209}.Release|Any CPU.ActiveCfg = Release|Any CPU
		{B3877200-54E4-472B-A29F-790DFB3E9209}.Release|Any CPU.Build.0 = Release|Any CPU
		{B3877200-54E4-472B-A29F-790DFB3E9209}.Release|x64.ActiveCfg = Release|Any CPU
		{B3877200-54E4-472B-A29F-790DFB3E9209}.Release|x64.Build.0 = Release|Any CPU
		{B3877200-54E4-472B-A29F-790DFB3E9209}.Release|x86.ActiveCfg = Release|Any CPU
		{B3877200-54E4-472B-A29F-790DFB3E9209}.Release|x86.Build.0 = Release|Any CPU
		{2216116F-C62E-404C-900E-9267C3BCFA20}.Debug|Any CPU.ActiveCfg = Debug|Any CPU
		{2216116F-C62E-404C-900E-9267C3BCFA20}.Debug|Any CPU.Build.0 = Debug|Any CPU
		{2216116F-C62E-404C-900E-9267C3BCFA20}.Debug|x64.ActiveCfg = Debug|Any CPU
		{2216116F-C62E-404C-900E-9267C3BCFA20}.Debug|x64.Build.0 = Debug|Any CPU
		{2216116F-C62E-404C-900E-9267C3BCFA20}.Debug|x86.ActiveCfg = Debug|Any CPU
		{2216116F-C62E-404C-900E-9267C3BCFA20}.Debug|x86.Build.0 = Debug|Any CPU
		{2216116F-C62E-404C-900E-9267C3BCFA20}.Release|Any CPU.ActiveCfg = Release|Any CPU
		{2216116F-C62E-404C-900E-9267C3BCFA20}.Release|Any CPU.Build.0 = Release|Any CPU
		{2216116F-C62E-404C-900E-9267C3BCFA20}.Release|x64.ActiveCfg = Release|Any CPU
		{2216116F-C62E-404C-900E-9267C3BCFA20}.Release|x64.Build.0 = Release|Any CPU
		{2216116F-C62E-404C-900E-9267C3BCFA20}.Release|x86.ActiveCfg = Release|Any CPU
		{2216116F-C62E-404C-900E-9267C3BCFA20}.Release|x86.Build.0 = Release|Any CPU
		{4326B920-AAD5-4869-955B-E7D0EE69818F}.Debug|Any CPU.ActiveCfg = Debug|Any CPU
		{4326B920-AAD5-4869-955B-E7D0EE69818F}.Debug|Any CPU.Build.0 = Debug|Any CPU
		{4326B920-AAD5-4869-955B-E7D0EE69818F}.Debug|x64.ActiveCfg = Debug|Any CPU
		{4326B920-AAD5-4869-955B-E7D0EE69818F}.Debug|x64.Build.0 = Debug|Any CPU
		{4326B920-AAD5-4869-955B-E7D0EE69818F}.Debug|x86.ActiveCfg = Debug|Any CPU
		{4326B920-AAD5-4869-955B-E7D0EE69818F}.Debug|x86.Build.0 = Debug|Any CPU
		{4326B920-AAD5-4869-955B-E7D0EE69818F}.Release|Any CPU.ActiveCfg = Release|Any CPU
		{4326B920-AAD5-4869-955B-E7D0EE69818F}.Release|Any CPU.Build.0 = Release|Any CPU
		{4326B920-AAD5-4869-955B-E7D0EE69818F}.Release|x64.ActiveCfg = Release|Any CPU
		{4326B920-AAD5-4869-955B-E7D0EE69818F}.Release|x64.Build.0 = Release|Any CPU
		{4326B920-AAD5-4869-955B-E7D0EE69818F}.Release|x86.ActiveCfg = Release|Any CPU
		{4326B920-AAD5-4869-955B-E7D0EE69818F}.Release|x86.Build.0 = Release|Any CPU
		{08A68143-290D-43E4-91AD-D1D02B3AA8DD}.Debug|Any CPU.ActiveCfg = Debug|Any CPU
		{08A68143-290D-43E4-91AD-D1D02B3AA8DD}.Debug|Any CPU.Build.0 = Debug|Any CPU
		{08A68143-290D-43E4-91AD-D1D02B3AA8DD}.Debug|x64.ActiveCfg = Debug|Any CPU
		{08A68143-290D-43E4-91AD-D1D02B3AA8DD}.Debug|x64.Build.0 = Debug|Any CPU
		{08A68143-290D-43E4-91AD-D1D02B3AA8DD}.Debug|x86.ActiveCfg = Debug|Any CPU
		{08A68143-290D-43E4-91AD-D1D02B3AA8DD}.Debug|x86.Build.0 = Debug|Any CPU
		{08A68143-290D-43E4-91AD-D1D02B3AA8DD}.Release|Any CPU.ActiveCfg = Release|Any CPU
		{08A68143-290D-43E4-91AD-D1D02B3AA8DD}.Release|Any CPU.Build.0 = Release|Any CPU
		{08A68143-290D-43E4-91AD-D1D02B3AA8DD}.Release|x64.ActiveCfg = Release|Any CPU
		{08A68143-290D-43E4-91AD-D1D02B3AA8DD}.Release|x64.Build.0 = Release|Any CPU
		{08A68143-290D-43E4-91AD-D1D02B3AA8DD}.Release|x86.ActiveCfg = Release|Any CPU
		{08A68143-290D-43E4-91AD-D1D02B3AA8DD}.Release|x86.Build.0 = Release|Any CPU
	EndGlobalSection
	GlobalSection(SolutionProperties) = preSolution
		HideSolutionNode = FALSE
	EndGlobalSection
	GlobalSection(NestedProjects) = preSolution
		{B3877200-54E4-472B-A29F-790DFB3E9209} = {827E0CD3-B72D-47B6-A68D-7590B98EB39B}
		{2216116F-C62E-404C-900E-9267C3BCFA20} = {827E0CD3-B72D-47B6-A68D-7590B98EB39B}
		{4326B920-AAD5-4869-955B-E7D0EE69818F} = {827E0CD3-B72D-47B6-A68D-7590B98EB39B}
		{08A68143-290D-43E4-91AD-D1D02B3AA8DD} = {827E0CD3-B72D-47B6-A68D-7590B98EB39B}
	EndGlobalSection
EndGlobal
